Microsoft Visual Studio Solution File, Format Version 12.00
# Visual Studio Version 16
VisualStudioVersion = 16.0.28803.352
MinimumVisualStudioVersion = 10.0.40219.1
Project("{9A19103F-16F7-4668-BE54-9A1E7A4F7556}") = "SpeakerMeet.API.Tests", "SpeakerMeet\SpeakerMeet.API.Tests.csproj", "{34B7546E-11CD-4B78-A252-A60CC10A2610}"
EndProject
Project("{FAE04EC0-301F-11D3-BF4B-00C04F79EFBC}") = "SpeakerMeet.API", "SpeakerMeet.API\SpeakerMeet.API.csproj", "{6505D95A-9C3C-4D41-8C90-756589843F6E}"
EndProject
Global
	GlobalSection(SolutionConfigurationPlatforms) = preSolution
		Debug|Any CPU = Debug|Any CPU
		Release|Any CPU = Release|Any CPU
	EndGlobalSection
	GlobalSection(ProjectConfigurationPlatforms) = postSolution
		{34B7546E-11CD-4B78-A252-A60CC10A2610}.Debug|Any CPU.ActiveCfg = Debug|Any CPU
		{34B7546E-11CD-4B78-A252-A60CC10A2610}.Debug|Any CPU.Build.0 = Debug|Any CPU
		{34B7546E-11CD-4B78-A252-A60CC10A2610}.Release|Any CPU.ActiveCfg = Release|Any CPU
		{34B7546E-11CD-4B78-A252-A60CC10A2610}.Release|Any CPU.Build.0 = Release|Any CPU
		{6505D95A-9C3C-4D41-8C90-756589843F6E}.Debug|Any CPU.ActiveCfg = Debug|Any CPU
		{6505D95A-9C3C-4D41-8C90-756589843F6E}.Debug|Any CPU.Build.0 = Debug|Any CPU
		{6505D95A-9C3C-4D41-8C90-756589843F6E}.Release|Any CPU.ActiveCfg = Release|Any CPU
		{6505D95A-9C3C-4D41-8C90-756589843F6E}.Release|Any CPU.Build.0 = Release|Any CPU
	EndGlobalSection
	GlobalSection(SolutionProperties) = preSolution
		HideSolutionNode = FALSE
	EndGlobalSection
	GlobalSection(ExtensibilityGlobals) = postSolution
		SolutionGuid = {A4F59347-E292-4F6F-8C4C-EAD21EED7EA6}
	EndGlobalSection
EndGlobal
